{
  "requires": true,
  "lockfileVersion": 1,
  "dependencies": {
    "orderedmap": {
      "version": "1.0.0",
      "resolved": "https://registry.npmjs.org/orderedmap/-/orderedmap-1.0.0.tgz",
      "integrity": "sha1-2Q/Cuh7QhRkJB9YB3sbmpT+NQbo="
    },
    "prosemirror-model": {
      "version": "1.7.0",
      "resolved": "https://registry.npmjs.org/prosemirror-model/-/prosemirror-model-1.7.0.tgz",
      "integrity": "sha512-/6ul6guiqyAl5I+0qbnL7SlmuX0DEfYqjvzeLUVEnb7nwF/vmKZuWqbjEG2tqi/9SSudvd3UxQTBDHvxy9hQwA==",
      "requires": {
        "orderedmap": "^1.0.0"
      }
    },
    "prosemirror-schema-basic": {
      "version": "1.0.0",
      "resolved": "https://registry.npmjs.org/prosemirror-schema-basic/-/prosemirror-schema-basic-1.0.0.tgz",
      "integrity": "sha512-xTFjtuLZgcRS4MoDbUyI9NSk/k/ACLGKZQcDXH18ctM9BOmP4z5rGZcA014fCF2FnMFOU+lKwusL0JjVrEectQ==",
      "requires": {
        "prosemirror-model": "^1.0.0"
      }
    },
    "prosemirror-transform": {
      "version": "1.1.3",
      "resolved": "https://registry.npmjs.org/prosemirror-transform/-/prosemirror-transform-1.1.3.tgz",
      "integrity": "sha512-1O6Di5lOL1mp4nuCnQNkHY7l2roIW5y8RH4ZG3hMYmkmDEWzTaFFnxxAAHsE5ipGLBSRcTlP7SsDhYBIdSuLpQ==",
      "requires": {
        "prosemirror-model": "^1.0.0"
      }
    }
  }
}
